
Microsoft Visual Studio Solution File, Format Version 12.00
Project("{FAE04EC0-301F-11D3-BF4B-00C04F79EFBC}") = "impresent", "impresent\impresent.csproj", "{114AB9B9-143E-4822-8C7F-7CAB8F18F922}"
EndProject
Global
	GlobalSection(SolutionConfigurationPlatforms) = preSolution
		Debug|Any CPU = Debug|Any CPU
		Release|Any CPU = Release|Any CPU
	EndGlobalSection
	GlobalSection(ProjectConfigurationPlatforms) = postSolution
		{114AB9B9-143E-4822-8C7F-7CAB8F18F922}.Debug|Any CPU.ActiveCfg = Debug|Any CPU
		{114AB9B9-143E-4822-8C7F-7CAB8F18F922}.Debug|Any CPU.Build.0 = Debug|Any CPU
		{114AB9B9-143E-4822-8C7F-7CAB8F18F922}.Release|Any CPU.ActiveCfg = Release|Any CPU
		{114AB9B9-143E-4822-8C7F-7CAB8F18F922}.Release|Any CPU.Build.0 = Release|Any CPU
	EndGlobalSection
EndGlobal
